{
  "requires": true,
  "lockfileVersion": 1,
  "dependencies": {
    "socketio-file-upload": {
      "version": "0.7.0",
      "resolved": "https://registry.npmjs.org/socketio-file-upload/-/socketio-file-upload-0.7.0.tgz",
      "integrity": "sha512-eKL6LAPiDH9xIsn2eP0ZDzw/EUsnDiZxuDN6TpyPcsaS42Q5wt5VmeN6CGcPsMx57UMQ6jxjIljoBTnCVsG8Qw=="
    }
  }
}
